// !$*UTF8*$!
{
	archiveVersion = 1;
	classes = {
	};
	objectVersion = 50;
	objects = {

/* Begin PBXBuildFile section */
		6A3EB9EE24E6600F0013E571 /* AppDelegate.swift in Sources */ = {isa = PBXBuildFile; fileRef = 6A3EB9ED24E6600F0013E571 /* AppDelegate.swift */; };
		6A3EB9F024E6600F0013E571 /* SceneDelegate.swift in Sources */ = {isa = PBXBuildFile; fileRef = 6A3EB9EF24E6600F0013E571 /* SceneDelegate.swift */; };
		6A3EB9F524E6600F0013E571 /* Main.storyboard in Resources */ = {isa = PBXBuildFile; fileRef = 6A3EB9F324E6600F0013E571 /* Main.storyboard */; };
		6A3EB9F724E660110013E571 /* Assets.xcassets in Resources */ = {isa = PBXBuildFile; fileRef = 6A3EB9F624E660110013E571 /* Assets.xcassets */; };
		6A3EB9FA24E660110013E571 /* LaunchScreen.storyboard in Resources */ = {isa = PBXBuildFile; fileRef = 6A3EB9F824E660110013E571 /* LaunchScreen.storyboard */; };
		6A3EBA0524E660110013E571 /* demoTests.swift in Sources */ = {isa = PBXBuildFile; fileRef = 6A3EBA0424E660110013E571 /* demoTests.swift */; };
		6A3EBA1024E660110013E571 /* demoUITests.swift in Sources */ = {isa = PBXBuildFile; fileRef = 6A3EBA0F24E660110013E571 /* demoUITests.swift */; };
		6A3EBA1E24E6690D0013E571 /* SongResults.swift in Sources */ = {isa = PBXBuildFile; fileRef = 6A3EBA1D24E6690D0013E571 /* SongResults.swift */; };
		6A3EBA2024E66C190013E571 /* songTableViewController.swift in Sources */ = {isa = PBXBuildFile; fileRef = 6A3EBA1F24E66C190013E571 /* songTableViewController.swift */; };
		6A3EBA2224E66C3C0013E571 /* songTableViewCell.swift in Sources */ = {isa = PBXBuildFile; fileRef = 6A3EBA2124E66C3C0013E571 /* songTableViewCell.swift */; };
		6A3EBA2424E66D480013E571 /* detailViewController.swift in Sources */ = {isa = PBXBuildFile; fileRef = 6A3EBA2324E66D480013E571 /* detailViewController.swift */; };
/* End PBXBuildFile section */

/* Begin PBXContainerItemProxy section */
		6A3EBA0124E660110013E571 /* PBXContainerItemProxy */ = {
			isa = PBXContainerItemProxy;
			containerPortal = 6A3EB9E224E6600F0013E571 /* Project object */;
			proxyType = 1;
			remoteGlobalIDString = 6A3EB9E924E6600F0013E571;
			remoteInfo = demo;
		};
		6A3EBA0C24E660110013E571 /* PBXContainerItemProxy */ = {
			isa = PBXContainerItemProxy;
			containerPortal = 6A3EB9E224E6600F0013E571 /* Project object */;
			proxyType = 1;
			remoteGlobalIDString = 6A3EB9E924E6600F0013E571;
			remoteInfo = demo;
		};
/* End PBXContainerItemProxy section */

/* Begin PBXFileReference section */
		6A3EB9EA24E6600F0013E571 /* demo.app */ = {isa = PBXFileReference; explicitFileType = wrapper.application; includeInIndex = 0; path = demo.app; sourceTree = BUILT_PRODUCTS_DIR; };
		6A3EB9ED24E6600F0013E571 /* AppDelegate.swift */ = {isa = PBXFileReference; lastKnownFileType = sourcecode.swift; path = AppDelegate.swift; sourceTree = "<group>"; };
		6A3EB9EF24E6600F0013E571 /* SceneDelegate.swift */ = {isa = PBXFileReference; lastKnownFileType = sourcecode.swift; path = SceneDelegate.swift; sourceTree = "<group>"; };
		6A3EB9F424E6600F0013E571 /* Base */ = {isa = PBXFileReference; lastKnownFileType = file.storyboard; name = Base; path = Base.lproj/Main.storyboard; sourceTree = "<group>"; };
		6A3EB9F624E660110013E571 /* Assets.xcassets */ = {isa = PBXFileReference; lastKnownFileType = folder.assetcatalog; path = Assets.xcassets; sourceTree = "<group>"; };
		6A3EB9F924E660110013E571 /* Base */ = {isa = PBXFileReference; lastKnownFileType = file.storyboard; name = Base; path = Base.lproj/LaunchScreen.storyboard; sourceTree = "<group>"; };
		6A3EB9FB24E660110013E571 /* Info.plist */ = {isa = PBXFileReference; lastKnownFileType = text.plist.xml; path = Info.plist; sourceTree = "<group>"; };
		6A3EBA0024E660110013E571 /* demoTests.xctest */ = {isa = PBXFileReference; explicitFileType = wrapper.cfbundle; includeInIndex = 0; path = demoTests.xctest; sourceTree = BUILT_PRODUCTS_DIR; };
		6A3EBA0424E660110013E571 /* demoTests.swift */ = {isa = PBXFileReference; lastKnownFileType = sourcecode.swift; path = demoTests.swift; sourceTree = "<group>"; };
		6A3EBA0624E660110013E571 /* Info.plist */ = {isa = PBXFileReference; lastKnownFileType = text.plist.xml; path = Info.plist; sourceTree = "<group>"; };
		6A3EBA0B24E660110013E571 /* demoUITests.xctest */ = {isa = PBXFileReference; explicitFileType = wrapper.cfbundle; includeInIndex = 0; path = demoUITests.xctest; sourceTree = BUILT_PRODUCTS_DIR; };
		6A3EBA0F24E660110013E571 /* demoUITests.swift */ = {isa = PBXFileReference; lastKnownFileType = sourcecode.swift; path = demoUITests.swift; sourceTree = "<group>"; };
		6A3EBA1124E660120013E571 /* Info.plist */ = {isa = PBXFileReference; lastKnownFileType = text.plist.xml; path = Info.plist; sourceTree = "<group>"; };
		6A3EBA1D24E6690D0013E571 /* SongResults.swift */ = {isa = PBXFileReference; lastKnownFileType = sourcecode.swift; path = SongResults.swift; sourceTree = "<group>"; };
		6A3EBA1F24E66C190013E571 /* songTableViewController.swift */ = {isa = PBXFileReference; lastKnownFileType = sourcecode.swift; path = songTableViewController.swift; sourceTree = "<group>"; };
		6A3EBA2124E66C3C0013E571 /* songTableViewCell.swift */ = {isa = PBXFileReference; lastKnownFileType = sourcecode.swift; path = songTableViewCell.swift; sourceTree = "<group>"; };
		6A3EBA2324E66D480013E571 /* detailViewController.swift */ = {isa = PBXFileReference; lastKnownFileType = sourcecode.swift; path = detailViewController.swift; sourceTree = "<group>"; };
/* End PBXFileReference section */

/* Begin PBXFrameworksBuildPhase section */
		6A3EB9E724E6600F0013E571 /* Frameworks */ = {
			isa = PBXFrameworksBuildPhase;
			buildActionMask = 2147483647;
			files = (
			);
			runOnlyForDeploymentPostprocessing = 0;
		};
		6A3EB9FD24E660110013E571 /* Frameworks */ = {
			isa = PBXFrameworksBuildPhase;
			buildActionMask = 2147483647;
			files = (
			);
			runOnlyForDeploymentPostprocessing = 0;
		};
		6A3EBA0824E660110013E571 /* Frameworks */ = {
			isa = PBXFrameworksBuildPhase;
			buildActionMask = 2147483647;
			files = (
			);
			runOnlyForDeploymentPostprocessing = 0;
		};
/* End PBXFrameworksBuildPhase section */

/* Begin PBXGroup section */
		6A3EB9E124E6600F0013E571 = {
			isa = PBXGroup;
			children = (
				6A3EBA1D24E6690D0013E571 /* SongResults.swift */,
				6A3EB9EC24E6600F0013E571 /* demo */,
				6A3EBA0324E660110013E571 /* demoTests */,
				6A3EBA0E24E660110013E571 /* demoUITests */,
				6A3EB9EB24E6600F0013E571 /* Products */,
			);
			sourceTree = "<group>";
		};
		6A3EB9EB24E6600F0013E571 /* Products */ = {
			isa = PBXGroup;
			children = (
				6A3EB9EA24E6600F0013E571 /* demo.app */,
				6A3EBA0024E660110013E571 /* demoTests.xctest */,
				6A3EBA0B24E660110013E571 /* demoUITests.xctest */,
			);
			name = Products;
			sourceTree = "<group>";
		};
		6A3EB9EC24E6600F0013E571 /* demo */ = {
			isa = PBXGroup;
			children = (
				6A3EB9ED24E6600F0013E571 /* AppDelegate.swift */,
				6A3EB9EF24E6600F0013E571 /* SceneDelegate.swift */,
				6A3EB9F324E6600F0013E571 /* Main.storyboard */,
				6A3EBA2324E66D480013E571 /* detailViewController.swift */,
				6A3EBA2124E66C3C0013E571 /* songTableViewCell.swift */,
				6A3EBA1F24E66C190013E571 /* songTableViewController.swift */,
				6A3EB9F624E660110013E571 /* Assets.xcassets */,
				6A3EB9F824E660110013E571 /* LaunchScreen.storyboard */,
				6A3EB9FB24E660110013E571 /* Info.plist */,
			);
			path = demo;
			sourceTree = "<group>";
		};
		6A3EBA0324E660110013E571 /* demoTests */ = {
			isa = PBXGroup;
			children = (
				6A3EBA0424E660110013E571 /* demoTests.swift */,
				6A3EBA0624E660110013E571 /* Info.plist */,
			);
			path = demoTests;
			sourceTree = "<group>";
		};
		6A3EBA0E24E660110013E571 /* demoUITests */ = {
			isa = PBXGroup;
			children = (
				6A3EBA0F24E660110013E571 /* demoUITests.swift */,
				6A3EBA1124E660120013E571 /* Info.plist */,
			);
			path = demoUITests;
			sourceTree = "<group>";
		};
/* End PBXGroup section */

/* Begin PBXNativeTarget section */
		6A3EB9E924E6600F0013E571 /* demo */ = {
			isa = PBXNativeTarget;
			buildConfigurationList = 6A3EBA1424E660120013E571 /* Build configuration list for PBXNativeTarget "demo" */;
			buildPhases = (
				6A3EB9E624E6600F0013E571 /* Sources */,
				6A3EB9E724E6600F0013E571 /* Frameworks */,
				6A3EB9E824E6600F0013E571 /* Resources */,
			);
			buildRules = (
			);
			dependencies = (
			);
			name = demo;
			productName = demo;
			productReference = 6A3EB9EA24E6600F0013E571 /* demo.app */;
			productType = "com.apple.product-type.application";
		};
		6A3EB9FF24E660110013E571 /* demoTests */ = {
			isa = PBXNativeTarget;
			buildConfigurationList = 6A3EBA1724E660120013E571 /* Build configuration list for PBXNativeTarget "demoTests" */;
			buildPhases = (
				6A3EB9FC24E660110013E571 /* Sources */,
				6A3EB9FD24E660110013E571 /* Frameworks */,
				6A3EB9FE24E660110013E571 /* Resources */,
			);
			buildRules = (
			);
			dependencies = (
				6A3EBA0224E660110013E571 /* PBXTargetDependency */,
			);
			name = demoTests;
			productName = demoTests;
			productReference = 6A3EBA0024E660110013E571 /* demoTests.xctest */;
			productType = "com.apple.product-type.bundle.unit-test";
		};
		6A3EBA0A24E660110013E571 /* demoUITests */ = {
			isa = PBXNativeTarget;
			buildConfigurationList = 6A3EBA1A24E660120013E571 /* Build configuration list for PBXNativeTarget "demoUITests" */;
			buildPhases = (
				6A3EBA0724E660110013E571 /* Sources */,
				6A3EBA0824E660110013E571 /* Frameworks */,
				6A3EBA0924E660110013E571 /* Resources */,
			);
			buildRules = (
			);
			dependencies = (
				6A3EBA0D24E660110013E571 /* PBXTargetDependency */,
			);
			name = demoUITests;
			productName = demoUITests;
			productReference = 6A3EBA0B24E660110013E571 /* demoUITests.xctest */;
			productType = "com.apple.product-type.bundle.ui-testing";
		};
/* End PBXNativeTarget section */

/* Begin PBXProject section */
		6A3EB9E224E6600F0013E571 /* Project object */ = {
			isa = PBXProject;
			attributes = {
				LastSwiftUpdateCheck = 1200;
				LastUpgradeCheck = 1200;
				TargetAttributes = {
					6A3EB9E924E6600F0013E571 = {
						CreatedOnToolsVersion = 12.0;
					};
					6A3EB9FF24E660110013E571 = {
						CreatedOnToolsVersion = 12.0;
						TestTargetID = 6A3EB9E924E6600F0013E571;
					};
					6A3EBA0A24E660110013E571 = {
						CreatedOnToolsVersion = 12.0;
						TestTargetID = 6A3EB9E924E6600F0013E571;
					};
				};
			};
			buildConfigurationList = 6A3EB9E524E6600F0013E571 /* Build configuration list for PBXProject "demo" */;
			compatibilityVersion = "Xcode 9.3";
			developmentRegion = en;
			hasScannedForEncodings = 0;
			knownRegions = (
				en,
				Base,
			);
			mainGroup = 6A3EB9E124E6600F0013E571;
			productRefGroup = 6A3EB9EB24E6600F0013E571 /* Products */;
			projectDirPath = "";
			projectRoot = "";
			targets = (
				6A3EB9E924E6600F0013E571 /* demo */,
				6A3EB9FF24E660110013E571 /* demoTests */,
				6A3EBA0A24E660110013E571 /* demoUITests */,
			);
		};
/* End PBXProject section */

/* Begin PBXResourcesBuildPhase section */
		6A3EB9E824E6600F0013E571 /* Resources */ = {
			isa = PBXResourcesBuildPhase;
			buildActionMask = 2147483647;
			files = (
				6A3EB9FA24E660110013E571 /* LaunchScreen.storyboard in Resources */,
				6A3EB9F724E660110013E571 /* Assets.xcassets in Resources */,
				6A3EB9F524E6600F0013E571 /* Main.storyboard in Resources */,
			);
			runOnlyForDeploymentPostprocessing = 0;
		};
		6A3EB9FE24E660110013E571 /* Resources */ = {
			isa = PBXResourcesBuildPhase;
			buildActionMask = 2147483647;
			files = (
			);
			runOnlyForDeploymentPostprocessing = 0;
		};
		6A3EBA0924E660110013E571 /* Resources */ = {
			isa = PBXResourcesBuildPhase;
			buildActionMask = 2147483647;
			files = (
			);
			runOnlyForDeploymentPostprocessing = 0;
		};
/* End PBXResourcesBuildPhase section */

/* Begin PBXSourcesBuildPhase section */
		6A3EB9E624E6600F0013E571 /* Sources */ = {
			isa = PBXSourcesBuildPhase;
			buildActionMask = 2147483647;
			files = (
				6A3EBA1E24E6690D0013E571 /* SongResults.swift in Sources */,
				6A3EB9EE24E6600F0013E571 /* AppDelegate.swift in Sources */,
				6A3EBA2024E66C190013E571 /* songTableViewController.swift in Sources */,
				6A3EB9F024E6600F0013E571 /* SceneDelegate.swift in Sources */,
				6A3EBA2224E66C3C0013E571 /* songTableViewCell.swift in Sources */,
				6A3EBA2424E66D480013E571 /* detailViewController.swift in Sources */,
			);
			runOnlyForDeploymentPostprocessing = 0;
		};
		6A3EB9FC24E660110013E571 /* Sources */ = {
			isa = PBXSourcesBuildPhase;
			buildActionMask = 2147483647;
			files = (
				6A3EBA0524E660110013E571 /* demoTests.swift in Sources */,
			);
			runOnlyForDeploymentPostprocessing = 0;
		};
		6A3EBA0724E660110013E571 /* Sources */ = {
			isa = PBXSourcesBuildPhase;
			buildActionMask = 2147483647;
			files = (
				6A3EBA1024E660110013E571 /* demoUITests.swift in Sources */,
			);
			runOnlyForDeploymentPostprocessing = 0;
		};
/* End PBXSourcesBuildPhase section */

/* Begin PBXTargetDependency section */
		6A3EBA0224E660110013E571 /* PBXTargetDependency */ = {
			isa = PBXTargetDependency;
			target = 6A3EB9E924E6600F0013E571 /* demo */;
			targetProxy = 6A3EBA0124E660110013E571 /* PBXContainerItemProxy */;
		};
		6A3EBA0D24E660110013E571 /* PBXTargetDependency */ = {
			isa = PBXTargetDependency;
			target = 6A3EB9E924E6600F0013E571 /* demo */;
			targetProxy = 6A3EBA0C24E660110013E571 /* PBXContainerItemProxy */;
		};
/* End PBXTargetDependency section */

/* Begin PBXVariantGroup section */
		6A3EB9F324E6600F0013E571 /* Main.storyboard */ = {
			isa = PBXVariantGroup;
			children = (
				6A3EB9F424E6600F0013E571 /* Base */,
			);
			name = Main.storyboard;
			sourceTree = "<group>";
		};
		6A3EB9F824E660110013E571 /* LaunchScreen.storyboard */ = {
			isa = PBXVariantGroup;
			children = (
				6A3EB9F924E660110013E571 /* Base */,
			);
			name = LaunchScreen.storyboard;
			sourceTree = "<group>";
		};
/* End PBXVariantGroup section */

/* Begin XCBuildConfiguration section */
		6A3EBA1224E660120013E571 /* Debug */ = {
			isa = XCBuildConfiguration;
			buildSettings = {
				ALWAYS_SEARCH_USER_PATHS = NO;
				CLANG_ANALYZER_NONNULL = YES;
				CLANG_ANALYZER_NUMBER_OBJECT_CONVERSION = YES_AGGRESSIVE;
				CLANG_CXX_LANGUAGE_STANDARD = "gnu++14";
				CLANG_CXX_LIBRARY = "libc++";
				CLANG_ENABLE_MODULES = YES;
				CLANG_ENABLE_OBJC_ARC = YES;
				CLANG_ENABLE_OBJC_WEAK = YES;
				CLANG_WARN_BLOCK_CAPTURE_AUTORELEASING = YES;
				CLANG_WARN_BOOL_CONVERSION = YES;
				CLANG_WARN_COMMA = YES;
				CLANG_WARN_CONSTANT_CONVERSION = YES;
				CLANG_WARN_DEPRECATED_OBJC_IMPLEMENTATIONS = YES;
				CLANG_WARN_DIRECT_OBJC_ISA_USAGE = YES_ERROR;
				CLANG_WARN_DOCUMENTATION_COMMENTS = YES;
				CLANG_WARN_EMPTY_BODY = YES;
				CLANG_WARN_ENUM_CONVERSION = YES;
				CLANG_WARN_INFINITE_RECURSION = YES;
				CLANG_WARN_INT_CONVERSION = YES;
				CLANG_WARN_NON_LITERAL_NULL_CONVERSION = YES;
				CLANG_WARN_OBJC_IMPLICIT_RETAIN_SELF = YES;
				CLANG_WARN_OBJC_LITERAL_CONVERSION = YES;
				CLANG_WARN_OBJC_ROOT_CLASS = YES_ERROR;
				CLANG_WARN_QUOTED_INCLUDE_IN_FRAMEWORK_HEADER = YES;
				CLANG_WARN_RANGE_LOOP_ANALYSIS = YES;
				CLANG_WARN_STRICT_PROTOTYPES = YES;
				CLANG_WARN_SUSPICIOUS_MOVE = YES;
				CLANG_WARN_UNGUARDED_AVAILABILITY = YES_AGGRESSIVE;
				CLANG_WARN_UNREACHABLE_CODE = YES;
				CLANG_WARN__DUPLICATE_METHOD_MATCH = YES;
				COPY_PHASE_STRIP = NO;
				DEBUG_INFORMATION_FORMAT = dwarf;
				ENABLE_STRICT_OBJC_MSGSEND = YES;
				ENABLE_TESTABILITY = YES;
				GCC_C_LANGUAGE_STANDARD = gnu11;
				GCC_DYNAMIC_NO_PIC = NO;
				GCC_NO_COMMON_BLOCKS = YES;
				GCC_OPTIMIZATION_LEVEL = 0;
				GCC_PREPROCESSOR_DEFINITIONS = (
					"DEBUG=1",
					"$(inherited)",
				);
				GCC_WARN_64_TO_32_BIT_CONVERSION = YES;
				GCC_WARN_ABOUT_RETURN_TYPE = YES_ERROR;
				GCC_WARN_UNDECLARED_SELECTOR = YES;
				GCC_WARN_UNINITIALIZED_AUTOS = YES_AGGRESSIVE;
				GCC_WARN_UNUSED_FUNCTION = YES;
				GCC_WARN_UNUSED_VARIABLE = YES;
				IPHONEOS_DEPLOYMENT_TARGET = 14.0;
				MTL_ENABLE_DEBUG_INFO = INCLUDE_SOURCE;
				MTL_FAST_MATH = YES;
				ONLY_ACTIVE_ARCH = YES;
				SDKROOT = iphoneos;
				SWIFT_ACTIVE_COMPILATION_CONDITIONS = DEBUG;
				SWIFT_OPTIMIZATION_LEVEL = "-Onone";
			};
			name = Debug;
		};
		6A3EBA1324E660120013E571 /* Release */ = {
			isa = XCBuildConfiguration;
			buildSettings = {
				ALWAYS_SEARCH_USER_PATHS = NO;
				CLANG_ANALYZER_NONNULL = YES;
				CLANG_ANALYZER_NUMBER_OBJECT_CONVERSION = YES_AGGRESSIVE;
				CLANG_CXX_LANGUAGE_STANDARD = "gnu++14";
				CLANG_CXX_LIBRARY = "libc++";
				CLANG_ENABLE_MODULES = YES;
				CLANG_ENABLE_OBJC_ARC = YES;
				CLANG_ENABLE_OBJC_WEAK = YES;
				CLANG_WARN_BLOCK_CAPTURE_AUTORELEASING = YES;
				CLANG_WARN_BOOL_CONVERSION = YES;
				CLANG_WARN_COMMA = YES;
				CLANG_WARN_CONSTANT_CONVERSION = YES;
				CLANG_WARN_DEPRECATED_OBJC_IMPLEMENTATIONS = YES;
				CLANG_WARN_DIRECT_OBJC_ISA_USAGE = YES_ERROR;
				CLANG_WARN_DOCUMENTATION_COMMENTS = YES;
				CLANG_WARN_EMPTY_BODY = YES;
				CLANG_WARN_ENUM_CONVERSION = YES;
				CLANG_WARN_INFINITE_RECURSION = YES;
				CLANG_WARN_INT_CONVERSION = YES;
				CLANG_WARN_NON_LITERAL_NULL_CONVERSION = YES;
				CLANG_WARN_OBJC_IMPLICIT_RETAIN_SELF = YES;
				CLANG_WARN_OBJC_LITERAL_CONVERSION = YES;
				CLANG_WARN_OBJC_ROOT_CLASS = YES_ERROR;
				CLANG_WARN_QUOTED_INCLUDE_IN_FRAMEWORK_HEADER = YES;
				CLANG_WARN_RANGE_LOOP_ANALYSIS = YES;
				CLANG_WARN_STRICT_PROTOTYPES = YES;
				CLANG_WARN_SUSPICIOUS_MOVE = YES;
				CLANG_WARN_UNGUARDED_AVAILABILITY = YES_AGGRESSIVE;
				CLANG_WARN_UNREACHABLE_CODE = YES;
				CLANG_WARN__DUPLICATE_METHOD_MATCH = YES;
				COPY_PHASE_STRIP = NO;
				DEBUG_INFORMATION_FORMAT = "dwarf-with-dsym";
				ENABLE_NS_ASSERTIONS = NO;
				ENABLE_STRICT_OBJC_MSGSEND = YES;
				GCC_C_LANGUAGE_STANDARD = gnu11;
				GCC_NO_COMMON_BLOCKS = YES;
				GCC_WARN_64_TO_32_BIT_CONVERSION = YES;
				GCC_WARN_ABOUT_RETURN_TYPE = YES_ERROR;
				GCC_WARN_UNDECLARED_SELECTOR = YES;
				GCC_WARN_UNINITIALIZED_AUTOS = YES_AGGRESSIVE;
				GCC_WARN_UNUSED_FUNCTION = YES;
				GCC_WARN_UNUSED_VARIABLE = YES;
				IPHONEOS_DEPLOYMENT_TARGET = 14.0;
				MTL_ENABLE_DEBUG_INFO = NO;
				MTL_FAST_MATH = YES;
				SDKROOT = iphoneos;
				SWIFT_COMPILATION_MODE = wholemodule;
				SWIFT_OPTIMIZATION_LEVEL = "-O";
				VALIDATE_PRODUCT = YES;
			};
			name = Release;
		};
		6A3EBA1524E660120013E571 /* Debug */ = {
			isa = XCBuildConfiguration;
			buildSettings = {
				ASSETCATALOG_COMPILER_APPICON_NAME = AppIcon;
				ASSETCATALOG_COMPILER_GLOBAL_ACCENT_COLOR_NAME = AccentColor;
				CODE_SIGN_STYLE = Automatic;
				DEVELOPMENT_TEAM = WKYYFQH356;
				INFOPLIST_FILE = demo/Info.plist;
				LD_RUNPATH_SEARCH_PATHS = (
					"$(inherited)",
					"@executable_path/Frameworks",
				);
				PRODUCT_BUNDLE_IDENTIFIER = com.yvonne4funfun.demo;
				PRODUCT_NAME = "$(TARGET_NAME)";
				SWIFT_VERSION = 5.0;
				TARGETED_DEVICE_FAMILY = "1,2";
			};
			name = Debug;
		};
		6A3EBA1624E660120013E571 /* Release */ = {
			isa = XCBuildConfiguration;
			buildSettings = {
				ASSETCATALOG_COMPILER_APPICON_NAME = AppIcon;
				ASSETCATALOG_COMPILER_GLOBAL_ACCENT_COLOR_NAME = AccentColor;
				CODE_SIGN_STYLE = Automatic;
				DEVELOPMENT_TEAM = WKYYFQH356;
				INFOPLIST_FILE = demo/Info.plist;
				LD_RUNPATH_SEARCH_PATHS = (
					"$(inherited)",
					"@executable_path/Frameworks",
				);
				PRODUCT_BUNDLE_IDENTIFIER = com.yvonne4funfun.demo;
				PRODUCT_NAME = "$(TARGET_NAME)";
				SWIFT_VERSION = 5.0;
				TARGETED_DEVICE_FAMILY = "1,2";
			};
			name = Release;
		};
		6A3EBA1824E660120013E571 /* Debug */ = {
			isa = XCBuildConfiguration;
			buildSettings = {
				ALWAYS_EMBED_SWIFT_STANDARD_LIBRARIES = YES;
				BUNDLE_LOADER = "$(TEST_HOST)";
				CODE_SIGN_STYLE = Automatic;
				DEVELOPMENT_TEAM = WKYYFQH356;
				INFOPLIST_FILE = demoTests/Info.plist;
				IPHONEOS_DEPLOYMENT_TARGET = 14.0;
				LD_RUNPATH_SEARCH_PATHS = (
					"$(inherited)",
					"@executable_path/Frameworks",
					"@loader_path/Frameworks",
				);
				PRODUCT_BUNDLE_IDENTIFIER = com.yvonne4funfun.demoTests;
				PRODUCT_NAME = "$(TARGET_NAME)";
				SWIFT_VERSION = 5.0;
				TARGETED_DEVICE_FAMILY = "1,2";
				TEST_HOST = "$(BUILT_PRODUCTS_DIR)/demo.app/demo";
			};
			name = Debug;
		};
		6A3EBA1924E660120013E571 /* Release */ = {
			isa = XCBuildConfiguration;
			buildSettings = {
				ALWAYS_EMBED_SWIFT_STANDARD_LIBRARIES = YES;
				BUNDLE_LOADER = "$(TEST_HOST)";
				CODE_SIGN_STYLE = Automatic;
				DEVELOPMENT_TEAM = WKYYFQH356;
				INFOPLIST_FILE = demoTests/Info.plist;
				IPHONEOS_DEPLOYMENT_TARGET = 14.0;
				LD_RUNPATH_SEARCH_PATHS = (
					"$(inherited)",
					"@executable_path/Frameworks",
					"@loader_path/Frameworks",
				);
				PRODUCT_BUNDLE_IDENTIFIER = com.yvonne4funfun.demoTests;
				PRODUCT_NAME = "$(TARGET_NAME)";
				SWIFT_VERSION = 5.0;
				TARGETED_DEVICE_FAMILY = "1,2";
				TEST_HOST = "$(BUILT_PRODUCTS_DIR)/demo.app/demo";
			};
			name = Release;
		};
		6A3EBA1B24E660120013E571 /* Debug */ = {
			isa = XCBuildConfiguration;
			buildSettings = {
				ALWAYS_EMBED_SWIFT_STANDARD_LIBRARIES = YES;
				CODE_SIGN_STYLE = Automatic;
				DEVELOPMENT_TEAM = WKYYFQH356;
				INFOPLIST_FILE = demoUITests/Info.plist;
				LD_RUNPATH_SEARCH_PATHS = (
					"$(inherited)",
					"@executable_path/Frameworks",
					"@loader_path/Frameworks",
				);
				PRODUCT_BUNDLE_IDENTIFIER = com.yvonne4funfun.demoUITests;
				PRODUCT_NAME = "$(TARGET_NAME)";
				SWIFT_VERSION = 5.0;
				TARGETED_DEVICE_FAMILY = "1,2";
				TEST_TARGET_NAME = demo;
			};
			name = Debug;
		};
		6A3EBA1C24E660120013E571 /* Release */ = {
			isa = XCBuildConfiguration;
			buildSettings = {
				ALWAYS_EMBED_SWIFT_STANDARD_LIBRARIES = YES;
				CODE_SIGN_STYLE = Automatic;
				DEVELOPMENT_TEAM = WKYYFQH356;
				INFOPLIST_FILE = demoUITests/Info.plist;
				LD_RUNPATH_SEARCH_PATHS = (
					"$(inherited)",
					"@executable_path/Frameworks",
					"@loader_path/Frameworks",
				);
				PRODUCT_BUNDLE_IDENTIFIER = com.yvonne4funfun.demoUITests;
				PRODUCT_NAME = "$(TARGET_NAME)";
				SWIFT_VERSION = 5.0;
				TARGETED_DEVICE_FAMILY = "1,2";
				TEST_TARGET_NAME = demo;
			};
			name = Release;
		};
/* End XCBuildConfiguration section */

/* Begin XCConfigurationList section */
		6A3EB9E524E6600F0013E571 /* Build configuration list for PBXProject "demo" */ = {
			isa = XCConfigurationList;
			buildConfigurations = (
				6A3EBA1224E660120013E571 /* Debug */,
				6A3EBA1324E660120013E571 /* Release */,
			);
			defaultConfigurationIsVisible = 0;
			defaultConfigurationName = Release;
		};
		6A3EBA1424E660120013E571 /* Build configuration list for PBXNativeTarget "demo" */ = {
			isa = XCConfigurationList;
			buildConfigurations = (
				6A3EBA1524E660120013E571 /* Debug */,
				6A3EBA1624E660120013E571 /* Release */,
			);
			defaultConfigurationIsVisible = 0;
			defaultConfigurationName = Release;
		};
		6A3EBA1724E660120013E571 /* Build configuration list for PBXNativeTarget "demoTests" */ = {
			isa = XCConfigurationList;
			buildConfigurations = (
				6A3EBA1824E660120013E571 /* Debug */,
				6A3EBA1924E660120013E571 /* Release */,
			);
			defaultConfigurationIsVisible = 0;
			defaultConfigurationName = Release;
		};
		6A3EBA1A24E660120013E571 /* Build configuration list for PBXNativeTarget "demoUITests" */ = {
			isa = XCConfigurationList;
			buildConfigurations = (
				6A3EBA1B24E660120013E571 /* Debug */,
				6A3EBA1C24E660120013E571 /* Release */,
			);
			defaultConfigurationIsVisible = 0;
			defaultConfigurationName = Release;
		};
/* End XCConfigurationList section */
	};
	rootObject = 6A3EB9E224E6600F0013E571 /* Project object */;
}
